
Microsoft Visual Studio Solution File, Format Version 12.00
# TcXaeShell Solution File, Format Version 11.00
VisualStudioVersion = 15.0.35116.124
MinimumVisualStudioVersion = 10.0.40219.1
Project("{B1E792BE-AA5F-4E3C-8C82-674BF9C0715B}") = "Practice_Week4", "Practice_Week4\Practice_Week4.tsproj", "{5C844489-F5C3-4F74-AD19-2AC5994B23DA}"
EndProject
Project("{B1E792BE-AA5F-4E3C-8C82-674BF9C0715B}") = "Hmi_Practice", "..\Hmi_Practice\Hmi_Practice.tsproj", "{152E6A82-2E14-4491-8125-4D5CFACE3AC7}"
EndProject
Project("{FE7A1B72-C5B7-4D7C-BB7D-76384D4DE8E1}") = "Hmi_Practice_1", "Hmi_Practice_1\Hmi_Practice_1.hmiproj", "{F8E8F10C-50FA-449D-89C9-ED798C5C45D5}"
EndProject
Project("{FE7A1B72-C5B7-4D7C-BB7D-76384D4DE8E1}") = "Hmi_Region_Practice", "Hmi_Region_Practice\Hmi_Region_Practice.hmiproj", "{53418321-884C-423E-AB3B-63D98B99122A}"
EndProject
Global
	GlobalSection(SolutionConfigurationPlatforms) = preSolution
		Debug|TwinCAT CE7 (ARMV7) = Debug|TwinCAT CE7 (ARMV7)
		Debug|TwinCAT HMI = Debug|TwinCAT HMI
		Debug|TwinCAT OS (ARMT2) = Debug|TwinCAT OS (ARMT2)
		Debug|TwinCAT RT (x64) = Debug|TwinCAT RT (x64)
		Debug|TwinCAT RT (x86) = Debug|TwinCAT RT (x86)
		Release|TwinCAT CE7 (ARMV7) = Release|TwinCAT CE7 (ARMV7)
		Release|TwinCAT HMI = Release|TwinCAT HMI
		Release|TwinCAT OS (ARMT2) = Release|TwinCAT OS (ARMT2)
		Release|TwinCAT RT (x64) = Release|TwinCAT RT (x64)
		Release|TwinCAT RT (x86) = Release|TwinCAT RT (x86)
	EndGlobalSection
	GlobalSection(ProjectConfigurationPlatforms) = postSolution
		{5C844489-F5C3-4F74-AD19-2AC5994B23DA}.Debug|TwinCAT CE7 (ARMV7).ActiveCfg = Debug|TwinCAT CE7 (ARMV7)
		{5C844489-F5C3-4F74-AD19-2AC5994B23DA}.Debug|TwinCAT CE7 (ARMV7).Build.0 = Debug|TwinCAT CE7 (ARMV7)
		{5C844489-F5C3-4F74-AD19-2AC5994B23DA}.Debug|TwinCAT HMI.ActiveCfg = Debug|TwinCAT RT (x86)
		{5C844489-F5C3-4F74-AD19-2AC5994B23DA}.Debug|TwinCAT OS (ARMT2).ActiveCfg = Debug|TwinCAT OS (ARMT2)
		{5C844489-F5C3-4F74-AD19-2AC5994B23DA}.Debug|TwinCAT OS (ARMT2).Build.0 = Debug|TwinCAT OS (ARMT2)
		{5C844489-F5C3-4F74-AD19-2AC5994B23DA}.Debug|TwinCAT RT (x64).ActiveCfg = Debug|TwinCAT RT (x64)
		{5C844489-F5C3-4F74-AD19-2AC5994B23DA}.Debug|TwinCAT RT (x64).Build.0 = Debug|TwinCAT RT (x64)
		{5C844489-F5C3-4F74-AD19-2AC5994B23DA}.Debug|TwinCAT RT (x86).ActiveCfg = Debug|TwinCAT RT (x86)
		{5C844489-F5C3-4F74-AD19-2AC5994B23DA}.Debug|TwinCAT RT (x86).Build.0 = Debug|TwinCAT RT (x86)
		{5C844489-F5C3-4F74-AD19-2AC5994B23DA}.Release|TwinCAT CE7 (ARMV7).ActiveCfg = Release|TwinCAT CE7 (ARMV7)
		{5C844489-F5C3-4F74-AD19-2AC5994B23DA}.Release|TwinCAT CE7 (ARMV7).Build.0 = Release|TwinCAT CE7 (ARMV7)
		{5C844489-F5C3-4F74-AD19-2AC5994B23DA}.Release|TwinCAT HMI.ActiveCfg = Release|TwinCAT RT (x86)
		{5C844489-F5C3-4F74-AD19-2AC5994B23DA}.Release|TwinCAT OS (ARMT2).ActiveCfg = Release|TwinCAT OS (ARMT2)
		{5C844489-F5C3-4F74-AD19-2AC5994B23DA}.Release|TwinCAT OS (ARMT2).Build.0 = Release|TwinCAT OS (ARMT2)
		{5C844489-F5C3-4F74-AD19-2AC5994B23DA}.Release|TwinCAT RT (x64).ActiveCfg = Release|TwinCAT RT (x64)
		{5C844489-F5C3-4F74-AD19-2AC5994B23DA}.Release|TwinCAT RT (x64).Build.0 = Release|TwinCAT RT (x64)
		{5C844489-F5C3-4F74-AD19-2AC5994B23DA}.Release|TwinCAT RT (x86).ActiveCfg = Release|TwinCAT RT (x86)
		{5C844489-F5C3-4F74-AD19-2AC5994B23DA}.Release|TwinCAT RT (x86).Build.0 = Release|TwinCAT RT (x86)
		{152E6A82-2E14-4491-8125-4D5CFACE3AC7}.Debug|TwinCAT CE7 (ARMV7).ActiveCfg = Debug|TwinCAT CE7 (ARMV7)
		{152E6A82-2E14-4491-8125-4D5CFACE3AC7}.Debug|TwinCAT CE7 (ARMV7).Build.0 = Debug|TwinCAT CE7 (ARMV7)
		{152E6A82-2E14-4491-8125-4D5CFACE3AC7}.Debug|TwinCAT HMI.ActiveCfg = Debug|TwinCAT OS (ARMT2)
		{152E6A82-2E14-4491-8125-4D5CFACE3AC7}.Debug|TwinCAT OS (ARMT2).ActiveCfg = Debug|TwinCAT OS (ARMT2)
		{152E6A82-2E14-4491-8125-4D5CFACE3AC7}.Debug|TwinCAT OS (ARMT2).Build.0 = Debug|TwinCAT OS (ARMT2)
		{152E6A82-2E14-4491-8125-4D5CFACE3AC7}.Debug|TwinCAT RT (x64).ActiveCfg = Debug|TwinCAT RT (x64)
		{152E6A82-2E14-4491-8125-4D5CFACE3AC7}.Debug|TwinCAT RT (x64).Build.0 = Debug|TwinCAT RT (x64)
		{152E6A82-2E14-4491-8125-4D5CFACE3AC7}.Debug|TwinCAT RT (x86).ActiveCfg = Debug|TwinCAT RT (x86)
		{152E6A82-2E14-4491-8125-4D5CFACE3AC7}.Debug|TwinCAT RT (x86).Build.0 = Debug|TwinCAT RT (x86)
		{152E6A82-2E14-4491-8125-4D5CFACE3AC7}.Release|TwinCAT CE7 (ARMV7).ActiveCfg = Release|TwinCAT CE7 (ARMV7)
		{152E6A82-2E14-4491-8125-4D5CFACE3AC7}.Release|TwinCAT CE7 (ARMV7).Build.0 = Release|TwinCAT CE7 (ARMV7)
		{152E6A82-2E14-4491-8125-4D5CFACE3AC7}.Release|TwinCAT HMI.ActiveCfg = Release|TwinCAT OS (ARMT2)
		{152E6A82-2E14-4491-8125-4D5CFACE3AC7}.Release|TwinCAT OS (ARMT2).ActiveCfg = Release|TwinCAT OS (ARMT2)
		{152E6A82-2E14-4491-8125-4D5CFACE3AC7}.Release|TwinCAT OS (ARMT2).Build.0 = Release|TwinCAT OS (ARMT2)
		{152E6A82-2E14-4491-8125-4D5CFACE3AC7}.Release|TwinCAT RT (x64).ActiveCfg = Release|TwinCAT RT (x64)
		{152E6A82-2E14-4491-8125-4D5CFACE3AC7}.Release|TwinCAT RT (x64).Build.0 = Release|TwinCAT RT (x64)
		{152E6A82-2E14-4491-8125-4D5CFACE3AC7}.Release|TwinCAT RT (x86).ActiveCfg = Release|TwinCAT RT (x86)
		{152E6A82-2E14-4491-8125-4D5CFACE3AC7}.Release|TwinCAT RT (x86).Build.0 = Release|TwinCAT RT (x86)
		{F8E8F10C-50FA-449D-89C9-ED798C5C45D5}.Debug|TwinCAT CE7 (ARMV7).ActiveCfg = Debug|TwinCAT HMI
		{F8E8F10C-50FA-449D-89C9-ED798C5C45D5}.Debug|TwinCAT HMI.ActiveCfg = Debug|TwinCAT HMI
		{F8E8F10C-50FA-449D-89C9-ED798C5C45D5}.Debug|TwinCAT HMI.Build.0 = Debug|TwinCAT HMI
		{F8E8F10C-50FA-449D-89C9-ED798C5C45D5}.Debug|TwinCAT OS (ARMT2).ActiveCfg = Debug|TwinCAT HMI
		{F8E8F10C-50FA-449D-89C9-ED798C5C45D5}.Debug|TwinCAT RT (x64).ActiveCfg = Debug|TwinCAT HMI
		{F8E8F10C-50FA-449D-89C9-ED798C5C45D5}.Debug|TwinCAT RT (x86).ActiveCfg = Debug|TwinCAT HMI
		{F8E8F10C-50FA-449D-89C9-ED798C5C45D5}.Release|TwinCAT CE7 (ARMV7).ActiveCfg = Release|TwinCAT HMI
		{F8E8F10C-50FA-449D-89C9-ED798C5C45D5}.Release|TwinCAT HMI.ActiveCfg = Release|TwinCAT HMI
		{F8E8F10C-50FA-449D-89C9-ED798C5C45D5}.Release|TwinCAT HMI.Build.0 = Release|TwinCAT HMI
		{F8E8F10C-50FA-449D-89C9-ED798C5C45D5}.Release|TwinCAT OS (ARMT2).ActiveCfg = Release|TwinCAT HMI
		{F8E8F10C-50FA-449D-89C9-ED798C5C45D5}.Release|TwinCAT RT (x64).ActiveCfg = Release|TwinCAT HMI
		{F8E8F10C-50FA-449D-89C9-ED798C5C45D5}.Release|TwinCAT RT (x86).ActiveCfg = Release|TwinCAT HMI
		{53418321-884C-423E-AB3B-63D98B99122A}.Debug|TwinCAT CE7 (ARMV7).ActiveCfg = Debug|TwinCAT HMI
		{53418321-884C-423E-AB3B-63D98B99122A}.Debug|TwinCAT HMI.ActiveCfg = Debug|TwinCAT HMI
		{53418321-884C-423E-AB3B-63D98B99122A}.Debug|TwinCAT HMI.Build.0 = Debug|TwinCAT HMI
		{53418321-884C-423E-AB3B-63D98B99122A}.Debug|TwinCAT OS (ARMT2).ActiveCfg = Debug|TwinCAT HMI
		{53418321-884C-423E-AB3B-63D98B99122A}.Debug|TwinCAT RT (x64).ActiveCfg = Debug|TwinCAT HMI
		{53418321-884C-423E-AB3B-63D98B99122A}.Debug|TwinCAT RT (x86).ActiveCfg = Debug|TwinCAT HMI
		{53418321-884C-423E-AB3B-63D98B99122A}.Release|TwinCAT CE7 (ARMV7).ActiveCfg = Release|TwinCAT HMI
		{53418321-884C-423E-AB3B-63D98B99122A}.Release|TwinCAT HMI.ActiveCfg = Release|TwinCAT HMI
		{53418321-884C-423E-AB3B-63D98B99122A}.Release|TwinCAT HMI.Build.0 = Release|TwinCAT HMI
		{53418321-884C-423E-AB3B-63D98B99122A}.Release|TwinCAT OS (ARMT2).ActiveCfg = Release|TwinCAT HMI
		{53418321-884C-423E-AB3B-63D98B99122A}.Release|TwinCAT RT (x64).ActiveCfg = Release|TwinCAT HMI
		{53418321-884C-423E-AB3B-63D98B99122A}.Release|TwinCAT RT (x86).ActiveCfg = Release|TwinCAT HMI
		{C3855994-37B7-4B83-8C8E-0F575DE91424}.Debug|TwinCAT CE7 (ARMV7).ActiveCfg = Debug|TwinCAT CE7 (ARMV7)
		{C3855994-37B7-4B83-8C8E-0F575DE91424}.Debug|TwinCAT CE7 (ARMV7).Build.0 = Debug|TwinCAT CE7 (ARMV7)
		{C3855994-37B7-4B83-8C8E-0F575DE91424}.Debug|TwinCAT HMI.ActiveCfg = Debug|TwinCAT RT (x86)
		{C3855994-37B7-4B83-8C8E-0F575DE91424}.Debug|TwinCAT OS (ARMT2).ActiveCfg = Debug|TwinCAT OS (ARMT2)
		{C3855994-37B7-4B83-8C8E-0F575DE91424}.Debug|TwinCAT OS (ARMT2).Build.0 = Debug|TwinCAT OS (ARMT2)
		{C3855994-37B7-4B83-8C8E-0F575DE91424}.Debug|TwinCAT RT (x64).ActiveCfg = Debug|TwinCAT RT (x64)
		{C3855994-37B7-4B83-8C8E-0F575DE91424}.Debug|TwinCAT RT (x64).Build.0 = Debug|TwinCAT RT (x64)
		{C3855994-37B7-4B83-8C8E-0F575DE91424}.Debug|TwinCAT RT (x86).ActiveCfg = Debug|TwinCAT RT (x86)
		{C3855994-37B7-4B83-8C8E-0F575DE91424}.Debug|TwinCAT RT (x86).Build.0 = Debug|TwinCAT RT (x86)
		{C3855994-37B7-4B83-8C8E-0F575DE91424}.Release|TwinCAT CE7 (ARMV7).ActiveCfg = Release|TwinCAT CE7 (ARMV7)
		{C3855994-37B7-4B83-8C8E-0F575DE91424}.Release|TwinCAT CE7 (ARMV7).Build.0 = Release|TwinCAT CE7 (ARMV7)
		{C3855994-37B7-4B83-8C8E-0F575DE91424}.Release|TwinCAT HMI.ActiveCfg = Release|TwinCAT RT (x86)
		{C3855994-37B7-4B83-8C8E-0F575DE91424}.Release|TwinCAT OS (ARMT2).ActiveCfg = Release|TwinCAT OS (ARMT2)
		{C3855994-37B7-4B83-8C8E-0F575DE91424}.Release|TwinCAT OS (ARMT2).Build.0 = Release|TwinCAT OS (ARMT2)
		{C3855994-37B7-4B83-8C8E-0F575DE91424}.Release|TwinCAT RT (x64).ActiveCfg = Release|TwinCAT RT (x64)
		{C3855994-37B7-4B83-8C8E-0F575DE91424}.Release|TwinCAT RT (x64).Build.0 = Release|TwinCAT RT (x64)
		{C3855994-37B7-4B83-8C8E-0F575DE91424}.Release|TwinCAT RT (x86).ActiveCfg = Release|TwinCAT RT (x86)
		{C3855994-37B7-4B83-8C8E-0F575DE91424}.Release|TwinCAT RT (x86).Build.0 = Release|TwinCAT RT (x86)
		{B82193D3-FF5A-4DF5-A7D3-0ABA17FE0680}.Debug|TwinCAT CE7 (ARMV7).ActiveCfg = Debug|TwinCAT CE7 (ARMV7)
		{B82193D3-FF5A-4DF5-A7D3-0ABA17FE0680}.Debug|TwinCAT CE7 (ARMV7).Build.0 = Debug|TwinCAT CE7 (ARMV7)
		{B82193D3-FF5A-4DF5-A7D3-0ABA17FE0680}.Debug|TwinCAT HMI.ActiveCfg = Debug|TwinCAT OS (ARMT2)
		{B82193D3-FF5A-4DF5-A7D3-0ABA17FE0680}.Debug|TwinCAT OS (ARMT2).ActiveCfg = Debug|TwinCAT OS (ARMT2)
		{B82193D3-FF5A-4DF5-A7D3-0ABA17FE0680}.Debug|TwinCAT OS (ARMT2).Build.0 = Debug|TwinCAT OS (ARMT2)
		{B82193D3-FF5A-4DF5-A7D3-0ABA17FE0680}.Debug|TwinCAT RT (x64).ActiveCfg = Debug|TwinCAT RT (x64)
		{B82193D3-FF5A-4DF5-A7D3-0ABA17FE0680}.Debug|TwinCAT RT (x64).Build.0 = Debug|TwinCAT RT (x64)
		{B82193D3-FF5A-4DF5-A7D3-0ABA17FE0680}.Debug|TwinCAT RT (x86).ActiveCfg = Debug|TwinCAT RT (x86)
		{B82193D3-FF5A-4DF5-A7D3-0ABA17FE0680}.Debug|TwinCAT RT (x86).Build.0 = Debug|TwinCAT RT (x86)
		{B82193D3-FF5A-4DF5-A7D3-0ABA17FE0680}.Release|TwinCAT CE7 (ARMV7).ActiveCfg = Release|TwinCAT CE7 (ARMV7)
		{B82193D3-FF5A-4DF5-A7D3-0ABA17FE0680}.Release|TwinCAT CE7 (ARMV7).Build.0 = Release|TwinCAT CE7 (ARMV7)
		{B82193D3-FF5A-4DF5-A7D3-0ABA17FE0680}.Release|TwinCAT HMI.ActiveCfg = Release|TwinCAT OS (ARMT2)
		{B82193D3-FF5A-4DF5-A7D3-0ABA17FE0680}.Release|TwinCAT OS (ARMT2).ActiveCfg = Release|TwinCAT OS (ARMT2)
		{B82193D3-FF5A-4DF5-A7D3-0ABA17FE0680}.Release|TwinCAT OS (ARMT2).Build.0 = Release|TwinCAT OS (ARMT2)
		{B82193D3-FF5A-4DF5-A7D3-0ABA17FE0680}.Release|TwinCAT RT (x64).ActiveCfg = Release|TwinCAT RT (x64)
		{B82193D3-FF5A-4DF5-A7D3-0ABA17FE0680}.Release|TwinCAT RT (x64).Build.0 = Release|TwinCAT RT (x64)
		{B82193D3-FF5A-4DF5-A7D3-0ABA17FE0680}.Release|TwinCAT RT (x86).ActiveCfg = Release|TwinCAT RT (x86)
		{B82193D3-FF5A-4DF5-A7D3-0ABA17FE0680}.Release|TwinCAT RT (x86).Build.0 = Release|TwinCAT RT (x86)
		{41B1F18A-19F4-4290-8386-05E379F84B00}.Debug|TwinCAT CE7 (ARMV7).ActiveCfg = Debug|TwinCAT CE7 (ARMV7)
		{41B1F18A-19F4-4290-8386-05E379F84B00}.Debug|TwinCAT CE7 (ARMV7).Build.0 = Debug|TwinCAT CE7 (ARMV7)
		{41B1F18A-19F4-4290-8386-05E379F84B00}.Debug|TwinCAT HMI.ActiveCfg = Debug|TwinCAT OS (ARMT2)
		{41B1F18A-19F4-4290-8386-05E379F84B00}.Debug|TwinCAT OS (ARMT2).ActiveCfg = Debug|TwinCAT OS (ARMT2)
		{41B1F18A-19F4-4290-8386-05E379F84B00}.Debug|TwinCAT OS (ARMT2).Build.0 = Debug|TwinCAT OS (ARMT2)
		{41B1F18A-19F4-4290-8386-05E379F84B00}.Debug|TwinCAT RT (x64).ActiveCfg = Debug|TwinCAT RT (x64)
		{41B1F18A-19F4-4290-8386-05E379F84B00}.Debug|TwinCAT RT (x64).Build.0 = Debug|TwinCAT RT (x64)
		{41B1F18A-19F4-4290-8386-05E379F84B00}.Debug|TwinCAT RT (x86).ActiveCfg = Debug|TwinCAT RT (x86)
		{41B1F18A-19F4-4290-8386-05E379F84B00}.Debug|TwinCAT RT (x86).Build.0 = Debug|TwinCAT RT (x86)
		{41B1F18A-19F4-4290-8386-05E379F84B00}.Release|TwinCAT CE7 (ARMV7).ActiveCfg = Release|TwinCAT CE7 (ARMV7)
		{41B1F18A-19F4-4290-8386-05E379F84B00}.Release|TwinCAT CE7 (ARMV7).Build.0 = Release|TwinCAT CE7 (ARMV7)
		{41B1F18A-19F4-4290-8386-05E379F84B00}.Release|TwinCAT HMI.ActiveCfg = Release|TwinCAT OS (ARMT2)
		{41B1F18A-19F4-4290-8386-05E379F84B00}.Release|TwinCAT OS (ARMT2).ActiveCfg = Release|TwinCAT OS (ARMT2)
		{41B1F18A-19F4-4290-8386-05E379F84B00}.Release|TwinCAT OS (ARMT2).Build.0 = Release|TwinCAT OS (ARMT2)
		{41B1F18A-19F4-4290-8386-05E379F84B00}.Release|TwinCAT RT (x64).ActiveCfg = Release|TwinCAT RT (x64)
		{41B1F18A-19F4-4290-8386-05E379F84B00}.Release|TwinCAT RT (x64).Build.0 = Release|TwinCAT RT (x64)
		{41B1F18A-19F4-4290-8386-05E379F84B00}.Release|TwinCAT RT (x86).ActiveCfg = Release|TwinCAT RT (x86)
		{41B1F18A-19F4-4290-8386-05E379F84B00}.Release|TwinCAT RT (x86).Build.0 = Release|TwinCAT RT (x86)
		{4C4FD00B-3855-49E7-B972-57040AD84833}.Debug|TwinCAT CE7 (ARMV7).ActiveCfg = Debug|TwinCAT CE7 (ARMV7)
		{4C4FD00B-3855-49E7-B972-57040AD84833}.Debug|TwinCAT CE7 (ARMV7).Build.0 = Debug|TwinCAT CE7 (ARMV7)
		{4C4FD00B-3855-49E7-B972-57040AD84833}.Debug|TwinCAT HMI.ActiveCfg = Debug|TwinCAT OS (ARMT2)
		{4C4FD00B-3855-49E7-B972-57040AD84833}.Debug|TwinCAT OS (ARMT2).ActiveCfg = Debug|TwinCAT OS (ARMT2)
		{4C4FD00B-3855-49E7-B972-57040AD84833}.Debug|TwinCAT OS (ARMT2).Build.0 = Debug|TwinCAT OS (ARMT2)
		{4C4FD00B-3855-49E7-B972-57040AD84833}.Debug|TwinCAT RT (x64).ActiveCfg = Debug|TwinCAT RT (x64)
		{4C4FD00B-3855-49E7-B972-57040AD84833}.Debug|TwinCAT RT (x64).Build.0 = Debug|TwinCAT RT (x64)
		{4C4FD00B-3855-49E7-B972-57040AD84833}.Debug|TwinCAT RT (x86).ActiveCfg = Debug|TwinCAT RT (x86)
		{4C4FD00B-3855-49E7-B972-57040AD84833}.Debug|TwinCAT RT (x86).Build.0 = Debug|TwinCAT RT (x86)
		{4C4FD00B-3855-49E7-B972-57040AD84833}.Release|TwinCAT CE7 (ARMV7).ActiveCfg = Release|TwinCAT CE7 (ARMV7)
		{4C4FD00B-3855-49E7-B972-57040AD84833}.Release|TwinCAT CE7 (ARMV7).Build.0 = Release|TwinCAT CE7 (ARMV7)
		{4C4FD00B-3855-49E7-B972-57040AD84833}.Release|TwinCAT HMI.ActiveCfg = Release|TwinCAT OS (ARMT2)
		{4C4FD00B-3855-49E7-B972-57040AD84833}.Release|TwinCAT OS (ARMT2).ActiveCfg = Release|TwinCAT OS (ARMT2)
		{4C4FD00B-3855-49E7-B972-57040AD84833}.Release|TwinCAT OS (ARMT2).Build.0 = Release|TwinCAT OS (ARMT2)
		{4C4FD00B-3855-49E7-B972-57040AD84833}.Release|TwinCAT RT (x64).ActiveCfg = Release|TwinCAT RT (x64)
		{4C4FD00B-3855-49E7-B972-57040AD84833}.Release|TwinCAT RT (x64).Build.0 = Release|TwinCAT RT (x64)
		{4C4FD00B-3855-49E7-B972-57040AD84833}.Release|TwinCAT RT (x86).ActiveCfg = Release|TwinCAT RT (x86)
		{4C4FD00B-3855-49E7-B972-57040AD84833}.Release|TwinCAT RT (x86).Build.0 = Release|TwinCAT RT (x86)
		{94B4E7B2-B0F6-4779-B2DA-C5ADE1A67F7F}.Debug|TwinCAT CE7 (ARMV7).ActiveCfg = Debug|TwinCAT CE7 (ARMV7)
		{94B4E7B2-B0F6-4779-B2DA-C5ADE1A67F7F}.Debug|TwinCAT CE7 (ARMV7).Build.0 = Debug|TwinCAT CE7 (ARMV7)
		{94B4E7B2-B0F6-4779-B2DA-C5ADE1A67F7F}.Debug|TwinCAT HMI.ActiveCfg = Debug|TwinCAT OS (ARMT2)
		{94B4E7B2-B0F6-4779-B2DA-C5ADE1A67F7F}.Debug|TwinCAT OS (ARMT2).ActiveCfg = Debug|TwinCAT OS (ARMT2)
		{94B4E7B2-B0F6-4779-B2DA-C5ADE1A67F7F}.Debug|TwinCAT OS (ARMT2).Build.0 = Debug|TwinCAT OS (ARMT2)
		{94B4E7B2-B0F6-4779-B2DA-C5ADE1A67F7F}.Debug|TwinCAT RT (x64).ActiveCfg = Debug|TwinCAT RT (x64)
		{94B4E7B2-B0F6-4779-B2DA-C5ADE1A67F7F}.Debug|TwinCAT RT (x64).Build.0 = Debug|TwinCAT RT (x64)
		{94B4E7B2-B0F6-4779-B2DA-C5ADE1A67F7F}.Debug|TwinCAT RT (x86).ActiveCfg = Debug|TwinCAT RT (x86)
		{94B4E7B2-B0F6-4779-B2DA-C5ADE1A67F7F}.Debug|TwinCAT RT (x86).Build.0 = Debug|TwinCAT RT (x86)
		{94B4E7B2-B0F6-4779-B2DA-C5ADE1A67F7F}.Release|TwinCAT CE7 (ARMV7).ActiveCfg = Release|TwinCAT CE7 (ARMV7)
		{94B4E7B2-B0F6-4779-B2DA-C5ADE1A67F7F}.Release|TwinCAT CE7 (ARMV7).Build.0 = Release|TwinCAT CE7 (ARMV7)
		{94B4E7B2-B0F6-4779-B2DA-C5ADE1A67F7F}.Release|TwinCAT HMI.ActiveCfg = Release|TwinCAT OS (ARMT2)
		{94B4E7B2-B0F6-4779-B2DA-C5ADE1A67F7F}.Release|TwinCAT OS (ARMT2).ActiveCfg = Release|TwinCAT OS (ARMT2)
		{94B4E7B2-B0F6-4779-B2DA-C5ADE1A67F7F}.Release|TwinCAT OS (ARMT2).Build.0 = Release|TwinCAT OS (ARMT2)
		{94B4E7B2-B0F6-4779-B2DA-C5ADE1A67F7F}.Release|TwinCAT RT (x64).ActiveCfg = Release|TwinCAT RT (x64)
		{94B4E7B2-B0F6-4779-B2DA-C5ADE1A67F7F}.Release|TwinCAT RT (x64).Build.0 = Release|TwinCAT RT (x64)
		{94B4E7B2-B0F6-4779-B2DA-C5ADE1A67F7F}.Release|TwinCAT RT (x86).ActiveCfg = Release|TwinCAT RT (x86)
		{94B4E7B2-B0F6-4779-B2DA-C5ADE1A67F7F}.Release|TwinCAT RT (x86).Build.0 = Release|TwinCAT RT (x86)
	EndGlobalSection
	GlobalSection(SolutionProperties) = preSolution
		HideSolutionNode = FALSE
	EndGlobalSection
	GlobalSection(ExtensibilityGlobals) = postSolution
		SolutionGuid = {35914DDF-E12C-4856-BA79-9EC7BB477311}
	EndGlobalSection
EndGlobal
